{
  "name": "data-domain-driver",
  "version": "0.0.1",
  "lockfileVersion": 1,
  "requires": true,
  "dependencies": {
    "caller": {
      "version": "1.0.1",
      "resolved": "https://registry.npmjs.org/caller/-/caller-1.0.1.tgz",
      "integrity": "sha1-uFGGD3Dhlds9J3OVqhp+I+ow7PU="
    },
    "database-js": {
      "version": "3.0.8",
      "resolved": "https://registry.npmjs.org/database-js/-/database-js-3.0.8.tgz",
      "integrity": "sha512-G2RZEXMK+DuIvviYs02xMViJ4gtc+VIXokoE+f2R4uyHXI3odDYSY3zqPoteFPnHzVDsnnrx336/yjOdXkl6Vg=="
    },
    "sql-behind": {
      "version": "0.0.2",
      "resolved": "https://registry.npmjs.org/sql-behind/-/sql-behind-0.0.2.tgz",
      "integrity": "sha512-Mls59BrTyV29aRz13KiGVjR4bJO91ku8nYtV1Q6SQ6bgdF2MvRWL4tCBWyjc7rvMsztOjP8XTcfVz3odb0ebUg==",
      "requires": {
        "caller": "^1.0.1"
      }
    }
  }
}
